
Microsoft Visual Studio Solution File, Format Version 12.00
# Visual Studio Version 17
VisualStudioVersion = 17.0.31903.59
MinimumVisualStudioVersion = 10.0.40219.1
Project("{2150E333-8FDC-42A3-9474-1A3956D46DE8}") = "src", "src", "{1D7D2299-BDDD-41A5-8FE4-A2AC3B73B9D9}"
EndProject
Project("{FAE04EC0-301F-11D3-BF4B-00C04F79EFBC}") = "Champs.Client", "src\Champs.Client\Champs.Client.csproj", "{4A0B891B-BF22-4752-94F8-95A7081B3740}"
EndProject
Project("{FAE04EC0-301F-11D3-BF4B-00C04F79EFBC}") = "Champs.Shared", "src\Champs.Shared\Champs.Shared.csproj", "{D17046B3-700F-4923-8DE0-081BF7099DAC}"
EndProject
Project("{FAE04EC0-301F-11D3-BF4B-00C04F79EFBC}") = "Champs.Server", "src\Champs.Server\Champs.Server.csproj", "{1E99B423-098A-4AEC-A359-20EC0714719C}"
EndProject
Project("{2150E333-8FDC-42A3-9474-1A3956D46DE8}") = "tests", "tests", "{764E525E-00A3-4EFA-898B-738D4695F430}"
EndProject
Project("{FAE04EC0-301F-11D3-BF4B-00C04F79EFBC}") = "ChampsGame.Tests", "tests\ChampsGame.Tests\ChampsGame.Tests.csproj", "{2801A604-E99A-4D52-AC13-859F85FB1093}"
EndProject
Global
	GlobalSection(SolutionConfigurationPlatforms) = preSolution
		Debug|Any CPU = Debug|Any CPU
		Release|Any CPU = Release|Any CPU
	EndGlobalSection
	GlobalSection(ProjectConfigurationPlatforms) = postSolution
		{4A0B891B-BF22-4752-94F8-95A7081B3740}.Debug|Any CPU.ActiveCfg = Debug|Any CPU
		{4A0B891B-BF22-4752-94F8-95A7081B3740}.Debug|Any CPU.Build.0 = Debug|Any CPU
		{4A0B891B-BF22-4752-94F8-95A7081B3740}.Release|Any CPU.ActiveCfg = Release|Any CPU
		{4A0B891B-BF22-4752-94F8-95A7081B3740}.Release|Any CPU.Build.0 = Release|Any CPU
		{D17046B3-700F-4923-8DE0-081BF7099DAC}.Debug|Any CPU.ActiveCfg = Debug|Any CPU
		{D17046B3-700F-4923-8DE0-081BF7099DAC}.Debug|Any CPU.Build.0 = Debug|Any CPU
		{D17046B3-700F-4923-8DE0-081BF7099DAC}.Release|Any CPU.ActiveCfg = Release|Any CPU
		{D17046B3-700F-4923-8DE0-081BF7099DAC}.Release|Any CPU.Build.0 = Release|Any CPU
		{1E99B423-098A-4AEC-A359-20EC0714719C}.Debug|Any CPU.ActiveCfg = Debug|Any CPU
		{1E99B423-098A-4AEC-A359-20EC0714719C}.Debug|Any CPU.Build.0 = Debug|Any CPU
		{1E99B423-098A-4AEC-A359-20EC0714719C}.Release|Any CPU.ActiveCfg = Release|Any CPU
		{1E99B423-098A-4AEC-A359-20EC0714719C}.Release|Any CPU.Build.0 = Release|Any CPU
		{2801A604-E99A-4D52-AC13-859F85FB1093}.Debug|Any CPU.ActiveCfg = Debug|Any CPU
		{2801A604-E99A-4D52-AC13-859F85FB1093}.Debug|Any CPU.Build.0 = Debug|Any CPU
		{2801A604-E99A-4D52-AC13-859F85FB1093}.Release|Any CPU.ActiveCfg = Release|Any CPU
		{2801A604-E99A-4D52-AC13-859F85FB1093}.Release|Any CPU.Build.0 = Release|Any CPU
	EndGlobalSection
	GlobalSection(SolutionProperties) = preSolution
		HideSolutionNode = FALSE
	EndGlobalSection
	GlobalSection(NestedProjects) = preSolution
		{4A0B891B-BF22-4752-94F8-95A7081B3740} = {1D7D2299-BDDD-41A5-8FE4-A2AC3B73B9D9}
		{D17046B3-700F-4923-8DE0-081BF7099DAC} = {1D7D2299-BDDD-41A5-8FE4-A2AC3B73B9D9}
		{1E99B423-098A-4AEC-A359-20EC0714719C} = {1D7D2299-BDDD-41A5-8FE4-A2AC3B73B9D9}
		{2801A604-E99A-4D52-AC13-859F85FB1093} = {764E525E-00A3-4EFA-898B-738D4695F430}
	EndGlobalSection
EndGlobal
